{
  "version": "3",
  "packages": {
    "specifiers": {
      "jsr:@db/sqlite@0.12": "jsr:@db/sqlite@0.12.0",
      "jsr:@denosaurs/plug@1": "jsr:@denosaurs/plug@1.0.6",
      "jsr:@std/assert@1": "jsr:@std/assert@1.0.2",
      "jsr:@std/assert@^0.217.0": "jsr:@std/assert@0.217.0",
      "jsr:@std/assert@^0.221.0": "jsr:@std/assert@0.221.0",
      "jsr:@std/assert@^1.0.2": "jsr:@std/assert@1.0.2",
      "jsr:@std/encoding@^0.221.0": "jsr:@std/encoding@0.221.0",
      "jsr:@std/fmt@^0.221.0": "jsr:@std/fmt@0.221.0",
      "jsr:@std/fs@^0.221.0": "jsr:@std/fs@0.221.0",
      "jsr:@std/internal@^1.0.1": "jsr:@std/internal@1.0.1",
      "jsr:@std/path@0.217": "jsr:@std/path@0.217.0",
      "jsr:@std/path@^0.221.0": "jsr:@std/path@0.221.0",
      "jsr:@std/testing": "jsr:@std/testing@1.0.0"
    },
    "jsr": {
      "@db/sqlite@0.12.0": {
        "integrity": "dd1ef7f621ad50fc1e073a1c3609c4470bd51edc0994139c5bf9851de7a6d85f",
        "dependencies": [
          "jsr:@denosaurs/plug@1",
          "jsr:@std/path@0.217"
        ]
      },
      "@denosaurs/plug@1.0.6": {
        "integrity": "6cf5b9daba7799837b9ffbe89f3450510f588fafef8115ddab1ff0be9cb7c1a7",
        "dependencies": [
          "jsr:@std/encoding@^0.221.0",
          "jsr:@std/fmt@^0.221.0",
          "jsr:@std/fs@^0.221.0",
          "jsr:@std/path@^0.221.0"
        ]
      },
      "@std/assert@0.217.0": {
        "integrity": "c98e279362ca6982d5285c3b89517b757c1e3477ee9f14eb2fdf80a45aaa9642"
      },
      "@std/assert@0.221.0": {
        "integrity": "a5f1aa6e7909dbea271754fd4ab3f4e687aeff4873b4cef9a320af813adb489a"
      },
      "@std/assert@1.0.2": {
        "integrity": "ccacec332958126deaceb5c63ff8b4eaf9f5ed0eac9feccf124110435e59e49c",
        "dependencies": [
          "jsr:@std/internal@^1.0.1"
        ]
      },
      "@std/encoding@0.221.0": {
        "integrity": "d1dd76ef0dc5d14088411e6dc1dede53bf8308c95d1537df1214c97137208e45"
      },
      "@std/fmt@0.221.0": {
        "integrity": "379fed69bdd9731110f26b9085aeb740606b20428ce6af31ef6bd45ef8efa62a"
      },
      "@std/fs@0.221.0": {
        "integrity": "028044450299de8ed5a716ade4e6d524399f035513b85913794f4e81f07da286",
        "dependencies": [
          "jsr:@std/assert@^0.221.0",
          "jsr:@std/path@^0.221.0"
        ]
      },
      "@std/internal@1.0.1": {
        "integrity": "6f8c7544d06a11dd256c8d6ba54b11ed870aac6c5aeafff499892662c57673e6"
      },
      "@std/path@0.217.0": {
        "integrity": "1217cc25534bca9a2f672d7fe7c6f356e4027df400c0e85c0ef3e4343bc67d11",
        "dependencies": [
          "jsr:@std/assert@^0.217.0"
        ]
      },
      "@std/path@0.221.0": {
        "integrity": "0a36f6b17314ef653a3a1649740cc8db51b25a133ecfe838f20b79a56ebe0095",
        "dependencies": [
          "jsr:@std/assert@^0.221.0"
        ]
      },
      "@std/testing@1.0.0": {
        "integrity": "27cfc06392c69c2acffe54e6d0bcb5f961cf193f519255372bd4fff1481bfef8",
        "dependencies": [
          "jsr:@std/assert@^1.0.2"
        ]
      }
    }
  },
  "redirects": {
    "https://deno.land/x/sleep/mod.ts": "https://deno.land/x/sleep@v1.2.1/mod.ts"
  },
  "remote": {
    "https://deno.land/std@0.119.0/_util/assert.ts": "2f868145a042a11d5ad0a3c748dcf580add8a0dbc0e876eaa0026303a5488f58",
    "https://deno.land/std@0.119.0/_util/os.ts": "dfb186cc4e968c770ab6cc3288bd65f4871be03b93beecae57d657232ecffcac",
    "https://deno.land/std@0.119.0/flags/mod.ts": "5bd80147c97e481efcc4c041096c6c1a1393248e2849ccd571269d62c2634cbe",
    "https://deno.land/std@0.119.0/fmt/colors.ts": "8368ddf2d48dfe413ffd04cdbb7ae6a1009cf0dccc9c7ff1d76259d9c61a0621",
    "https://deno.land/std@0.119.0/fs/_util.ts": "f2ce811350236ea8c28450ed822a5f42a0892316515b1cd61321dec13569c56b",
    "https://deno.land/std@0.119.0/fs/empty_dir.ts": "5f08b263dd064dc7917c4bbeb13de0f5505a664b9cdfe312fa86e7518cfaeb84",
    "https://deno.land/std@0.119.0/fs/ensure_dir.ts": "b7c103dc41a3d1dbbb522bf183c519c37065fdc234831a4a0f7d671b1ed5fea7",
    "https://deno.land/std@0.119.0/fs/ensure_file.ts": "c06031af24368e80c330897e4b8e9109efc8602ffabc8f3e2306be07529e1d13",
    "https://deno.land/std@0.119.0/fs/ensure_link.ts": "26e54363508b822afd87a3f6e873bbbcd6b5993dd638f8170758c16262a75065",
    "https://deno.land/std@0.119.0/fs/ensure_symlink.ts": "c07b6d19ef58b6f5c671ffa942e7f9be50315f4f78e2f9f511626fd2e13beccc",
    "https://deno.land/std@0.119.0/fs/eol.ts": "afaebaaac36f48c423b920c836551997715672b80a0fee9aa7667c181a94f2df",
    "https://deno.land/std@0.119.0/fs/exists.ts": "c3c3335a212bd945bb75df379096ab57fb6c86598fa273dfb24da3b3939a951e",
    "https://deno.land/std@0.119.0/fs/expand_glob.ts": "f6f64ef54addcc84c9012d6dfcf66d39ecc2565e40c4d2b7644d585fe4d12a04",
    "https://deno.land/std@0.119.0/fs/mod.ts": "2bf5468fc950479b2a791cceae3d6fe3f32e573243b004d1f8e0a3df92211680",
    "https://deno.land/std@0.119.0/fs/move.ts": "4623058e39bbbeb3ad30aeff9c974c55d2d574ad7c480295c12b04c244686a99",
    "https://deno.land/std@0.119.0/fs/walk.ts": "31464d75099aa3fc7764212576a8772dfabb2692783e6eabb910f874a26eac54",
    "https://deno.land/std@0.119.0/path/_constants.ts": "1247fee4a79b70c89f23499691ef169b41b6ccf01887a0abd131009c5581b853",
    "https://deno.land/std@0.119.0/path/_interface.ts": "1fa73b02aaa24867e481a48492b44f2598cd9dfa513c7b34001437007d3642e4",
    "https://deno.land/std@0.119.0/path/_util.ts": "2e06a3b9e79beaf62687196bd4b60a4c391d862cfa007a20fc3a39f778ba073b",
    "https://deno.land/std@0.119.0/path/common.ts": "f41a38a0719a1e85aa11c6ba3bea5e37c15dd009d705bd8873f94c833568cbc4",
    "https://deno.land/std@0.119.0/path/glob.ts": "ea87985765b977cc284b92771003b2070c440e0807c90e1eb0ff3e095911a820",
    "https://deno.land/std@0.119.0/path/mod.ts": "4465dc494f271b02569edbb4a18d727063b5dbd6ed84283ff906260970a15d12",
    "https://deno.land/std@0.119.0/path/posix.ts": "34349174b9cd121625a2810837a82dd8b986bbaaad5ade690d1de75bbb4555b2",
    "https://deno.land/std@0.119.0/path/separator.ts": "8fdcf289b1b76fd726a508f57d3370ca029ae6976fcde5044007f062e643ff1c",
    "https://deno.land/std@0.119.0/path/win32.ts": "11549e8c6df8307a8efcfa47ad7b2a75da743eac7d4c89c9723a944661c8bd2e",
    "https://deno.land/x/sleep@v1.2.1/mod.ts": "f2d3c9e1ef1fb2852f580f6960384bed36bc18a2da357c35f11a089fcca44273",
    "https://deno.land/x/sleep@v1.2.1/sleep.ts": "2426efe5d3ce5de0b8af08bd36a8700deb5dc60e752f5f8f05d5e815a7e8cb0e",
    "https://deno.land/x/sleep@v1.3.0/mod.ts": "e9955ecd3228a000e29d46726cd6ab14b65cf83904e9b365f3a8d64ec61c1af3",
    "https://deno.land/x/sleep@v1.3.0/sleep.ts": "b6abaca093b094b0c2bba94f287b19a60946a8d15764d168f83fcf555f5bb59e"
  },
  "workspace": {
    "dependencies": [
      "jsr:@db/sqlite@0.12",
      "jsr:@std/assert@1",
      "jsr:@std/testing"
    ]
  }
}
